
Microsoft Visual Studio Solution File, Format Version 12.00
# Visual Studio Version 16
VisualStudioVersion = 16.0.810.25
MinimumVisualStudioVersion = 10.0.40219.1
Project("{FAE04EC0-301F-11D3-BF4B-00C04F79EFBC}") = "BestBuyBestPractices", "BestBuyBestPractices\BestBuyBestPractices.csproj", "{DB67311E-E02A-45F2-B419-60FD4D9ACEF0}"
EndProject
Global
	GlobalSection(SolutionConfigurationPlatforms) = preSolution
		Debug|Any CPU = Debug|Any CPU
		Release|Any CPU = Release|Any CPU
	EndGlobalSection
	GlobalSection(ProjectConfigurationPlatforms) = postSolution
		{DB67311E-E02A-45F2-B419-60FD4D9ACEF0}.Debug|Any CPU.ActiveCfg = Debug|Any CPU
		{DB67311E-E02A-45F2-B419-60FD4D9ACEF0}.Debug|Any CPU.Build.0 = Debug|Any CPU
		{DB67311E-E02A-45F2-B419-60FD4D9ACEF0}.Release|Any CPU.ActiveCfg = Release|Any CPU
		{DB67311E-E02A-45F2-B419-60FD4D9ACEF0}.Release|Any CPU.Build.0 = Release|Any CPU
	EndGlobalSection
	GlobalSection(SolutionProperties) = preSolution
		HideSolutionNode = FALSE
	EndGlobalSection
	GlobalSection(ExtensibilityGlobals) = postSolution
		SolutionGuid = {83A23F92-95FF-4FA1-9861-76BA8A95C8B9}
	EndGlobalSection
EndGlobal
